
Microsoft Visual Studio Solution File, Format Version 12.00
# Visual Studio 15
VisualStudioVersion = 15.0.28307.1082
MinimumVisualStudioVersion = 10.0.40219.1
Project("{8BC9CEB8-8B4A-11D0-8D11-00A0C91BC942}") = "MFC5-4-123", "MFC5-4-123\MFC5-4-123.vcxproj", "{5740CE95-7EF4-4D2A-AD26-636F265211D1}"
EndProject
Project("{8BC9CEB8-8B4A-11D0-8D11-00A0C91BC942}") = "MFCAUsestax1", "MFCAUsestax1\MFCAUsestax1.vcxproj", "{D172E060-BF64-4ECB-A837-A4F682088CF9}"
EndProject
Global
	GlobalSection(SolutionConfigurationPlatforms) = preSolution
		Debug|x64 = Debug|x64
		Debug|x86 = Debug|x86
		Release|x64 = Release|x64
		Release|x86 = Release|x86
	EndGlobalSection
	GlobalSection(ProjectConfigurationPlatforms) = postSolution
		{5740CE95-7EF4-4D2A-AD26-636F265211D1}.Debug|x64.ActiveCfg = Debug|x64
		{5740CE95-7EF4-4D2A-AD26-636F265211D1}.Debug|x64.Build.0 = Debug|x64
		{5740CE95-7EF4-4D2A-AD26-636F265211D1}.Debug|x86.ActiveCfg = Debug|Win32
		{5740CE95-7EF4-4D2A-AD26-636F265211D1}.Debug|x86.Build.0 = Debug|Win32
		{5740CE95-7EF4-4D2A-AD26-636F265211D1}.Release|x64.ActiveCfg = Release|x64
		{5740CE95-7EF4-4D2A-AD26-636F265211D1}.Release|x64.Build.0 = Release|x64
		{5740CE95-7EF4-4D2A-AD26-636F265211D1}.Release|x86.ActiveCfg = Release|Win32
		{5740CE95-7EF4-4D2A-AD26-636F265211D1}.Release|x86.Build.0 = Release|Win32
		{D172E060-BF64-4ECB-A837-A4F682088CF9}.Debug|x64.ActiveCfg = Debug|x64
		{D172E060-BF64-4ECB-A837-A4F682088CF9}.Debug|x64.Build.0 = Debug|x64
		{D172E060-BF64-4ECB-A837-A4F682088CF9}.Debug|x86.ActiveCfg = Debug|Win32
		{D172E060-BF64-4ECB-A837-A4F682088CF9}.Debug|x86.Build.0 = Debug|Win32
		{D172E060-BF64-4ECB-A837-A4F682088CF9}.Release|x64.ActiveCfg = Release|x64
		{D172E060-BF64-4ECB-A837-A4F682088CF9}.Release|x64.Build.0 = Release|x64
		{D172E060-BF64-4ECB-A837-A4F682088CF9}.Release|x86.ActiveCfg = Release|Win32
		{D172E060-BF64-4ECB-A837-A4F682088CF9}.Release|x86.Build.0 = Release|Win32
	EndGlobalSection
	GlobalSection(SolutionProperties) = preSolution
		HideSolutionNode = FALSE
	EndGlobalSection
	GlobalSection(ExtensibilityGlobals) = postSolution
		SolutionGuid = {8DE45728-A78F-449F-A18D-993702C81FF7}
	EndGlobalSection
EndGlobal
